
Microsoft Visual Studio Solution File, Format Version 12.00
# Visual Studio Version 16
VisualStudioVersion = 16.0.31702.278
MinimumVisualStudioVersion = 10.0.40219.1
Project("{FAE04EC0-301F-11D3-BF4B-00C04F79EFBC}") = "WF_ESCAPEROOM", "WF_ESCAPEROOM\WF_ESCAPEROOM.csproj", "{A0861E3A-01E1-4470-98DD-7B40BB142B6C}"
EndProject
Global
	GlobalSection(SolutionConfigurationPlatforms) = preSolution
		Debug|Any CPU = Debug|Any CPU
		Release|Any CPU = Release|Any CPU
	EndGlobalSection
	GlobalSection(ProjectConfigurationPlatforms) = postSolution
		{A0861E3A-01E1-4470-98DD-7B40BB142B6C}.Debug|Any CPU.ActiveCfg = Debug|Any CPU
		{A0861E3A-01E1-4470-98DD-7B40BB142B6C}.Debug|Any CPU.Build.0 = Debug|Any CPU
		{A0861E3A-01E1-4470-98DD-7B40BB142B6C}.Release|Any CPU.ActiveCfg = Release|Any CPU
		{A0861E3A-01E1-4470-98DD-7B40BB142B6C}.Release|Any CPU.Build.0 = Release|Any CPU
	EndGlobalSection
	GlobalSection(SolutionProperties) = preSolution
		HideSolutionNode = FALSE
	EndGlobalSection
	GlobalSection(ExtensibilityGlobals) = postSolution
		SolutionGuid = {F32FB384-2907-4F73-914B-114166F5F99E}
	EndGlobalSection
EndGlobal
